
Microsoft Visual Studio Solution File, Format Version 12.00
# Visual Studio Version 17
VisualStudioVersion = 17.6.33829.357
MinimumVisualStudioVersion = 10.0.40219.1
Project("{FAE04EC0-301F-11D3-BF4B-00C04F79EFBC}") = "FirstRevitPlugin", "FirstRevitPlugin\FirstRevitPlugin.csproj", "{BA39269F-4C6B-48D6-A421-C7EDA8585F84}"
EndProject
Global
	GlobalSection(SolutionConfigurationPlatforms) = preSolution
		Debug|Any CPU = Debug|Any CPU
		Release|Any CPU = Release|Any CPU
	EndGlobalSection
	GlobalSection(ProjectConfigurationPlatforms) = postSolution
		{BA39269F-4C6B-48D6-A421-C7EDA8585F84}.Debug|Any CPU.ActiveCfg = Debug|Any CPU
		{BA39269F-4C6B-48D6-A421-C7EDA8585F84}.Debug|Any CPU.Build.0 = Debug|Any CPU
		{BA39269F-4C6B-48D6-A421-C7EDA8585F84}.Release|Any CPU.ActiveCfg = Release|Any CPU
		{BA39269F-4C6B-48D6-A421-C7EDA8585F84}.Release|Any CPU.Build.0 = Release|Any CPU
	EndGlobalSection
	GlobalSection(SolutionProperties) = preSolution
		HideSolutionNode = FALSE
	EndGlobalSection
	GlobalSection(ExtensibilityGlobals) = postSolution
		SolutionGuid = {7D6E1C79-3D12-4602-A339-3D6EC6DAB623}
	EndGlobalSection
EndGlobal
